
Microsoft Visual Studio Solution File, Format Version 12.00
# Visual Studio Version 17
VisualStudioVersion = 17.8.34330.188
MinimumVisualStudioVersion = 10.0.40219.1
Project("{FAE04EC0-301F-11D3-BF4B-00C04F79EFBC}") = "FightManagerWebAPI", "FightManagerWebAPI\FightManagerWebAPI.csproj", "{9107FB97-AC16-4CE7-8CB1-A8EDDADE7578}"
EndProject
Global
	GlobalSection(SolutionConfigurationPlatforms) = preSolution
		Debug|Any CPU = Debug|Any CPU
		Release|Any CPU = Release|Any CPU
	EndGlobalSection
	GlobalSection(ProjectConfigurationPlatforms) = postSolution
		{9107FB97-AC16-4CE7-8CB1-A8EDDADE7578}.Debug|Any CPU.ActiveCfg = Debug|Any CPU
		{9107FB97-AC16-4CE7-8CB1-A8EDDADE7578}.Debug|Any CPU.Build.0 = Debug|Any CPU
		{9107FB97-AC16-4CE7-8CB1-A8EDDADE7578}.Release|Any CPU.ActiveCfg = Release|Any CPU
		{9107FB97-AC16-4CE7-8CB1-A8EDDADE7578}.Release|Any CPU.Build.0 = Release|Any CPU
	EndGlobalSection
	GlobalSection(SolutionProperties) = preSolution
		HideSolutionNode = FALSE
	EndGlobalSection
	GlobalSection(ExtensibilityGlobals) = postSolution
		SolutionGuid = {3419D280-8A55-4EE4-879D-0AE081C005C5}
	EndGlobalSection
EndGlobal
